
Microsoft Visual Studio Solution File, Format Version 12.00
# Visual Studio Version 16
VisualStudioVersion = 16.0.30011.22
MinimumVisualStudioVersion = 10.0.40219.1
Project("{8BC9CEB8-8B4A-11D0-8D11-00A0C91BC942}") = "Canvas", "Canvas.vcxproj", "{360D4028-28D5-4D5B-8EA9-290812F366BB}"
EndProject
Project("{8BC9CEB8-8B4A-11D0-8D11-00A0C91BC942}") = "CanvasTester", "..\CanvasTester\CanvasTester.vcxproj", "{8DDBBE01-4607-4FF6-A935-D5817F1D9475}"
EndProject
Global
	GlobalSection(SolutionConfigurationPlatforms) = preSolution
		Debug|x64 = Debug|x64
		Debug|x86 = Debug|x86
		Release|x64 = Release|x64
		Release|x86 = Release|x86
	EndGlobalSection
	GlobalSection(ProjectConfigurationPlatforms) = postSolution
		{360D4028-28D5-4D5B-8EA9-290812F366BB}.Debug|x64.ActiveCfg = Debug|x64
		{360D4028-28D5-4D5B-8EA9-290812F366BB}.Debug|x64.Build.0 = Debug|x64
		{360D4028-28D5-4D5B-8EA9-290812F366BB}.Debug|x86.ActiveCfg = Debug|Win32
		{360D4028-28D5-4D5B-8EA9-290812F366BB}.Debug|x86.Build.0 = Debug|Win32
		{360D4028-28D5-4D5B-8EA9-290812F366BB}.Release|x64.ActiveCfg = Release|x64
		{360D4028-28D5-4D5B-8EA9-290812F366BB}.Release|x64.Build.0 = Release|x64
		{360D4028-28D5-4D5B-8EA9-290812F366BB}.Release|x86.ActiveCfg = Release|Win32
		{360D4028-28D5-4D5B-8EA9-290812F366BB}.Release|x86.Build.0 = Release|Win32
		{8DDBBE01-4607-4FF6-A935-D5817F1D9475}.Debug|x64.ActiveCfg = Debug|x64
		{8DDBBE01-4607-4FF6-A935-D5817F1D9475}.Debug|x64.Build.0 = Debug|x64
		{8DDBBE01-4607-4FF6-A935-D5817F1D9475}.Debug|x86.ActiveCfg = Debug|Win32
		{8DDBBE01-4607-4FF6-A935-D5817F1D9475}.Debug|x86.Build.0 = Debug|Win32
		{8DDBBE01-4607-4FF6-A935-D5817F1D9475}.Release|x64.ActiveCfg = Release|x64
		{8DDBBE01-4607-4FF6-A935-D5817F1D9475}.Release|x64.Build.0 = Release|x64
		{8DDBBE01-4607-4FF6-A935-D5817F1D9475}.Release|x86.ActiveCfg = Release|Win32
		{8DDBBE01-4607-4FF6-A935-D5817F1D9475}.Release|x86.Build.0 = Release|Win32
	EndGlobalSection
	GlobalSection(SolutionProperties) = preSolution
		HideSolutionNode = FALSE
	EndGlobalSection
	GlobalSection(ExtensibilityGlobals) = postSolution
		SolutionGuid = {09317774-560C-4019-96F3-90C579A37F62}
	EndGlobalSection
EndGlobal
